
Microsoft Visual Studio Solution File, Format Version 12.00
# Visual Studio Version 16
VisualStudioVersion = 16.0.29709.97
MinimumVisualStudioVersion = 10.0.40219.1
Project("{FAE04EC0-301F-11D3-BF4B-00C04F79EFBC}") = "FirstBlazerApp", "FirstBlazerApp.csproj", "{F307C067-26DD-4D7E-A139-9350985EBD21}"
EndProject
Global
	GlobalSection(SolutionConfigurationPlatforms) = preSolution
		Debug|Any CPU = Debug|Any CPU
		Release|Any CPU = Release|Any CPU
	EndGlobalSection
	GlobalSection(ProjectConfigurationPlatforms) = postSolution
		{F307C067-26DD-4D7E-A139-9350985EBD21}.Debug|Any CPU.ActiveCfg = Debug|Any CPU
		{F307C067-26DD-4D7E-A139-9350985EBD21}.Debug|Any CPU.Build.0 = Debug|Any CPU
		{F307C067-26DD-4D7E-A139-9350985EBD21}.Release|Any CPU.ActiveCfg = Release|Any CPU
		{F307C067-26DD-4D7E-A139-9350985EBD21}.Release|Any CPU.Build.0 = Release|Any CPU
	EndGlobalSection
	GlobalSection(SolutionProperties) = preSolution
		HideSolutionNode = FALSE
	EndGlobalSection
	GlobalSection(ExtensibilityGlobals) = postSolution
		SolutionGuid = {0B3A4BAD-7A5F-4F50-857A-2EE0381BFAA5}
	EndGlobalSection
EndGlobal
